
Microsoft Visual Studio Solution File, Format Version 12.00
# Visual Studio 15
VisualStudioVersion = 15.0.27130.2036
MinimumVisualStudioVersion = 10.0.40219.1
Project("{FAE04EC0-301F-11D3-BF4B-00C04F79EFBC}") = "rpkp", "rpkp\rpkp.csproj", "{C9AEA266-2FCE-412E-807E-63E7D0C53097}"
EndProject
Project("{E53339B2-1760-4266-BCC7-CA923CBCF16C}") = "docker-compose", "docker-compose.dcproj", "{21C1C0C1-32B0-4567-968E-08AA8CD2F48C}"
EndProject
Global
	GlobalSection(SolutionConfigurationPlatforms) = preSolution
		Debug|Any CPU = Debug|Any CPU
		Release|Any CPU = Release|Any CPU
	EndGlobalSection
	GlobalSection(ProjectConfigurationPlatforms) = postSolution
		{C9AEA266-2FCE-412E-807E-63E7D0C53097}.Debug|Any CPU.ActiveCfg = Debug|Any CPU
		{C9AEA266-2FCE-412E-807E-63E7D0C53097}.Debug|Any CPU.Build.0 = Debug|Any CPU
		{C9AEA266-2FCE-412E-807E-63E7D0C53097}.Release|Any CPU.ActiveCfg = Release|Any CPU
		{C9AEA266-2FCE-412E-807E-63E7D0C53097}.Release|Any CPU.Build.0 = Release|Any CPU
		{21C1C0C1-32B0-4567-968E-08AA8CD2F48C}.Debug|Any CPU.ActiveCfg = Debug|Any CPU
		{21C1C0C1-32B0-4567-968E-08AA8CD2F48C}.Debug|Any CPU.Build.0 = Debug|Any CPU
		{21C1C0C1-32B0-4567-968E-08AA8CD2F48C}.Release|Any CPU.ActiveCfg = Release|Any CPU
		{21C1C0C1-32B0-4567-968E-08AA8CD2F48C}.Release|Any CPU.Build.0 = Release|Any CPU
	EndGlobalSection
	GlobalSection(SolutionProperties) = preSolution
		HideSolutionNode = FALSE
	EndGlobalSection
	GlobalSection(ExtensibilityGlobals) = postSolution
		SolutionGuid = {54F41EA7-2635-4B6E-B747-6FB8A744BFF9}
	EndGlobalSection
EndGlobal
